// !$*UTF8*$!
{
	archiveVersion = 1;
	classes = {
	};
	objectVersion = 50;
	objects = {

/* Begin PBXBuildFile section */
		5B232C0D26EFAB5000997DD0 /* AppDelegate.swift in Sources */ = {isa = PBXBuildFile; fileRef = 5B232C0C26EFAB5000997DD0 /* AppDelegate.swift */; };
		5B232C0F26EFAB5000997DD0 /* SceneDelegate.swift in Sources */ = {isa = PBXBuildFile; fileRef = 5B232C0E26EFAB5000997DD0 /* SceneDelegate.swift */; };
		5B232C1426EFAB5000997DD0 /* Main.storyboard in Resources */ = {isa = PBXBuildFile; fileRef = 5B232C1226EFAB5000997DD0 /* Main.storyboard */; };
		5B232C1726EFAB5000997DD0 /* Spotlight.xcdatamodeld in Sources */ = {isa = PBXBuildFile; fileRef = 5B232C1526EFAB5000997DD0 /* Spotlight.xcdatamodeld */; };
		5B232C1926EFAB5200997DD0 /* Assets.xcassets in Resources */ = {isa = PBXBuildFile; fileRef = 5B232C1826EFAB5200997DD0 /* Assets.xcassets */; };
		5B232C1C26EFAB5200997DD0 /* LaunchScreen.storyboard in Resources */ = {isa = PBXBuildFile; fileRef = 5B232C1A26EFAB5200997DD0 /* LaunchScreen.storyboard */; };
		DC6CD11B26EFCB7C00942355 /* CoreDataStack.swift in Sources */ = {isa = PBXBuildFile; fileRef = DC6CD11A26EFCB7C00942355 /* CoreDataStack.swift */; };
		DC6CD11E26EFCC3000942355 /* StringConstants.swift in Sources */ = {isa = PBXBuildFile; fileRef = DC6CD11D26EFCC3000942355 /* StringConstants.swift */; };
		DC6CD12026EFCD5600942355 /* PersonController.swift in Sources */ = {isa = PBXBuildFile; fileRef = DC6CD11F26EFCD5600942355 /* PersonController.swift */; };
		DC6CD12226EFCF3000942355 /* PersonConvenienceInit.swift in Sources */ = {isa = PBXBuildFile; fileRef = DC6CD12126EFCF3000942355 /* PersonConvenienceInit.swift */; };
/* End PBXBuildFile section */

/* Begin PBXFileReference section */
		5B232C0926EFAB5000997DD0 /* Spotlight.app */ = {isa = PBXFileReference; explicitFileType = wrapper.application; includeInIndex = 0; path = Spotlight.app; sourceTree = BUILT_PRODUCTS_DIR; };
		5B232C0C26EFAB5000997DD0 /* AppDelegate.swift */ = {isa = PBXFileReference; lastKnownFileType = sourcecode.swift; path = AppDelegate.swift; sourceTree = "<group>"; };
		5B232C0E26EFAB5000997DD0 /* SceneDelegate.swift */ = {isa = PBXFileReference; lastKnownFileType = sourcecode.swift; path = SceneDelegate.swift; sourceTree = "<group>"; };
		5B232C1326EFAB5000997DD0 /* Base */ = {isa = PBXFileReference; lastKnownFileType = file.storyboard; name = Base; path = Base.lproj/Main.storyboard; sourceTree = "<group>"; };
		5B232C1626EFAB5000997DD0 /* Spotlight.xcdatamodel */ = {isa = PBXFileReference; lastKnownFileType = wrapper.xcdatamodel; path = Spotlight.xcdatamodel; sourceTree = "<group>"; };
		5B232C1826EFAB5200997DD0 /* Assets.xcassets */ = {isa = PBXFileReference; lastKnownFileType = folder.assetcatalog; path = Assets.xcassets; sourceTree = "<group>"; };
		5B232C1B26EFAB5200997DD0 /* Base */ = {isa = PBXFileReference; lastKnownFileType = file.storyboard; name = Base; path = Base.lproj/LaunchScreen.storyboard; sourceTree = "<group>"; };
		5B232C1D26EFAB5200997DD0 /* Info.plist */ = {isa = PBXFileReference; lastKnownFileType = text.plist.xml; path = Info.plist; sourceTree = "<group>"; };
		DC6CD11A26EFCB7C00942355 /* CoreDataStack.swift */ = {isa = PBXFileReference; lastKnownFileType = sourcecode.swift; path = CoreDataStack.swift; sourceTree = "<group>"; };
		DC6CD11D26EFCC3000942355 /* StringConstants.swift */ = {isa = PBXFileReference; lastKnownFileType = sourcecode.swift; path = StringConstants.swift; sourceTree = "<group>"; };
		DC6CD11F26EFCD5600942355 /* PersonController.swift */ = {isa = PBXFileReference; lastKnownFileType = sourcecode.swift; name = PersonController.swift; path = Spotlight/Helpers/PersonController.swift; sourceTree = SOURCE_ROOT; };
		DC6CD12126EFCF3000942355 /* PersonConvenienceInit.swift */ = {isa = PBXFileReference; lastKnownFileType = sourcecode.swift; path = PersonConvenienceInit.swift; sourceTree = "<group>"; };
/* End PBXFileReference section */

/* Begin PBXFrameworksBuildPhase section */
		5B232C0626EFAB5000997DD0 /* Frameworks */ = {
			isa = PBXFrameworksBuildPhase;
			buildActionMask = 2147483647;
			files = (
			);
			runOnlyForDeploymentPostprocessing = 0;
		};
/* End PBXFrameworksBuildPhase section */

/* Begin PBXGroup section */
		5B232C0026EFAB5000997DD0 = {
			isa = PBXGroup;
			children = (
				5B232C0B26EFAB5000997DD0 /* Spotlight */,
				5B232C0A26EFAB5000997DD0 /* Products */,
			);
			sourceTree = "<group>";
		};
		5B232C0A26EFAB5000997DD0 /* Products */ = {
			isa = PBXGroup;
			children = (
				5B232C0926EFAB5000997DD0 /* Spotlight.app */,
			);
			name = Products;
			sourceTree = "<group>";
		};
		5B232C0B26EFAB5000997DD0 /* Spotlight */ = {
			isa = PBXGroup;
			children = (
				5B232C2726EFABC200997DD0 /* Models */,
				5B232C2626EFABB100997DD0 /* ModelControllers */,
				5B232C2526EFABA600997DD0 /* ViewControllers */,
				5B232C2426EFAB9D00997DD0 /* Views */,
				DC6CD11C26EFCC2300942355 /* Helpers */,
				5B232C2326EFAB5E00997DD0 /* Resources */,
			);
			path = Spotlight;
			sourceTree = "<group>";
		};
		5B232C2326EFAB5E00997DD0 /* Resources */ = {
			isa = PBXGroup;
			children = (
				5B232C0C26EFAB5000997DD0 /* AppDelegate.swift */,
				5B232C0E26EFAB5000997DD0 /* SceneDelegate.swift */,
				5B232C1826EFAB5200997DD0 /* Assets.xcassets */,
				5B232C1D26EFAB5200997DD0 /* Info.plist */,
			);
			path = Resources;
			sourceTree = "<group>";
		};
		5B232C2426EFAB9D00997DD0 /* Views */ = {
			isa = PBXGroup;
			children = (
				5B232C1226EFAB5000997DD0 /* Main.storyboard */,
				5B232C1A26EFAB5200997DD0 /* LaunchScreen.storyboard */,
			);
			path = Views;
			sourceTree = "<group>";
		};
		5B232C2526EFABA600997DD0 /* ViewControllers */ = {
			isa = PBXGroup;
			children = (
			);
			path = ViewControllers;
			sourceTree = "<group>";
		};
		5B232C2626EFABB100997DD0 /* ModelControllers */ = {
			isa = PBXGroup;
			children = (
				DC6CD11F26EFCD5600942355 /* PersonController.swift */,
			);
			path = ModelControllers;
			sourceTree = "<group>";
		};
		5B232C2726EFABC200997DD0 /* Models */ = {
			isa = PBXGroup;
			children = (
				5B232C1526EFAB5000997DD0 /* Spotlight.xcdatamodeld */,
				DC6CD11A26EFCB7C00942355 /* CoreDataStack.swift */,
				DC6CD12126EFCF3000942355 /* PersonConvenienceInit.swift */,
			);
			path = Models;
			sourceTree = "<group>";
		};
		DC6CD11C26EFCC2300942355 /* Helpers */ = {
			isa = PBXGroup;
			children = (
				DC6CD11D26EFCC3000942355 /* StringConstants.swift */,
			);
			path = Helpers;
			sourceTree = "<group>";
		};
/* End PBXGroup section */

/* Begin PBXNativeTarget section */
		5B232C0826EFAB5000997DD0 /* Spotlight */ = {
			isa = PBXNativeTarget;
			buildConfigurationList = 5B232C2026EFAB5200997DD0 /* Build configuration list for PBXNativeTarget "Spotlight" */;
			buildPhases = (
				5B232C0526EFAB5000997DD0 /* Sources */,
				5B232C0626EFAB5000997DD0 /* Frameworks */,
				5B232C0726EFAB5000997DD0 /* Resources */,
			);
			buildRules = (
			);
			dependencies = (
			);
			name = Spotlight;
			productName = Spotlight;
			productReference = 5B232C0926EFAB5000997DD0 /* Spotlight.app */;
			productType = "com.apple.product-type.application";
		};
/* End PBXNativeTarget section */

/* Begin PBXProject section */
		5B232C0126EFAB5000997DD0 /* Project object */ = {
			isa = PBXProject;
			attributes = {
				LastSwiftUpdateCheck = 1250;
				LastUpgradeCheck = 1250;
				TargetAttributes = {
					5B232C0826EFAB5000997DD0 = {
						CreatedOnToolsVersion = 12.5.1;
					};
				};
			};
			buildConfigurationList = 5B232C0426EFAB5000997DD0 /* Build configuration list for PBXProject "Spotlight" */;
			compatibilityVersion = "Xcode 9.3";
			developmentRegion = en;
			hasScannedForEncodings = 0;
			knownRegions = (
				en,
				Base,
			);
			mainGroup = 5B232C0026EFAB5000997DD0;
			productRefGroup = 5B232C0A26EFAB5000997DD0 /* Products */;
			projectDirPath = "";
			projectRoot = "";
			targets = (
				5B232C0826EFAB5000997DD0 /* Spotlight */,
			);
		};
/* End PBXProject section */

/* Begin PBXResourcesBuildPhase section */
		5B232C0726EFAB5000997DD0 /* Resources */ = {
			isa = PBXResourcesBuildPhase;
			buildActionMask = 2147483647;
			files = (
				5B232C1C26EFAB5200997DD0 /* LaunchScreen.storyboard in Resources */,
				5B232C1926EFAB5200997DD0 /* Assets.xcassets in Resources */,
				5B232C1426EFAB5000997DD0 /* Main.storyboard in Resources */,
			);
			runOnlyForDeploymentPostprocessing = 0;
		};
/* End PBXResourcesBuildPhase section */

/* Begin PBXSourcesBuildPhase section */
		5B232C0526EFAB5000997DD0 /* Sources */ = {
			isa = PBXSourcesBuildPhase;
			buildActionMask = 2147483647;
			files = (
				DC6CD12226EFCF3000942355 /* PersonConvenienceInit.swift in Sources */,
				5B232C1726EFAB5000997DD0 /* Spotlight.xcdatamodeld in Sources */,
				5B232C0D26EFAB5000997DD0 /* AppDelegate.swift in Sources */,
				5B232C0F26EFAB5000997DD0 /* SceneDelegate.swift in Sources */,
				DC6CD11E26EFCC3000942355 /* StringConstants.swift in Sources */,
				DC6CD12026EFCD5600942355 /* PersonController.swift in Sources */,
				DC6CD11B26EFCB7C00942355 /* CoreDataStack.swift in Sources */,
			);
			runOnlyForDeploymentPostprocessing = 0;
		};
/* End PBXSourcesBuildPhase section */

/* Begin PBXVariantGroup section */
		5B232C1226EFAB5000997DD0 /* Main.storyboard */ = {
			isa = PBXVariantGroup;
			children = (
				5B232C1326EFAB5000997DD0 /* Base */,
			);
			name = Main.storyboard;
			sourceTree = "<group>";
		};
		5B232C1A26EFAB5200997DD0 /* LaunchScreen.storyboard */ = {
			isa = PBXVariantGroup;
			children = (
				5B232C1B26EFAB5200997DD0 /* Base */,
			);
			name = LaunchScreen.storyboard;
			sourceTree = "<group>";
		};
/* End PBXVariantGroup section */

/* Begin XCBuildConfiguration section */
		5B232C1E26EFAB5200997DD0 /* Debug */ = {
			isa = XCBuildConfiguration;
			buildSettings = {
				ALWAYS_SEARCH_USER_PATHS = NO;
				CLANG_ANALYZER_NONNULL = YES;
				CLANG_ANALYZER_NUMBER_OBJECT_CONVERSION = YES_AGGRESSIVE;
				CLANG_CXX_LANGUAGE_STANDARD = "gnu++14";
				CLANG_CXX_LIBRARY = "libc++";
				CLANG_ENABLE_MODULES = YES;
				CLANG_ENABLE_OBJC_ARC = YES;
				CLANG_ENABLE_OBJC_WEAK = YES;
				CLANG_WARN_BLOCK_CAPTURE_AUTORELEASING = YES;
				CLANG_WARN_BOOL_CONVERSION = YES;
				CLANG_WARN_COMMA = YES;
				CLANG_WARN_CONSTANT_CONVERSION = YES;
				CLANG_WARN_DEPRECATED_OBJC_IMPLEMENTATIONS = YES;
				CLANG_WARN_DIRECT_OBJC_ISA_USAGE = YES_ERROR;
				CLANG_WARN_DOCUMENTATION_COMMENTS = YES;
				CLANG_WARN_EMPTY_BODY = YES;
				CLANG_WARN_ENUM_CONVERSION = YES;
				CLANG_WARN_INFINITE_RECURSION = YES;
				CLANG_WARN_INT_CONVERSION = YES;
				CLANG_WARN_NON_LITERAL_NULL_CONVERSION = YES;
				CLANG_WARN_OBJC_IMPLICIT_RETAIN_SELF = YES;
				CLANG_WARN_OBJC_LITERAL_CONVERSION = YES;
				CLANG_WARN_OBJC_ROOT_CLASS = YES_ERROR;
				CLANG_WARN_QUOTED_INCLUDE_IN_FRAMEWORK_HEADER = YES;
				CLANG_WARN_RANGE_LOOP_ANALYSIS = YES;
				CLANG_WARN_STRICT_PROTOTYPES = YES;
				CLANG_WARN_SUSPICIOUS_MOVE = YES;
				CLANG_WARN_UNGUARDED_AVAILABILITY = YES_AGGRESSIVE;
				CLANG_WARN_UNREACHABLE_CODE = YES;
				CLANG_WARN__DUPLICATE_METHOD_MATCH = YES;
				COPY_PHASE_STRIP = NO;
				DEBUG_INFORMATION_FORMAT = dwarf;
				ENABLE_STRICT_OBJC_MSGSEND = YES;
				ENABLE_TESTABILITY = YES;
				GCC_C_LANGUAGE_STANDARD = gnu11;
				GCC_DYNAMIC_NO_PIC = NO;
				GCC_NO_COMMON_BLOCKS = YES;
				GCC_OPTIMIZATION_LEVEL = 0;
				GCC_PREPROCESSOR_DEFINITIONS = (
					"DEBUG=1",
					"$(inherited)",
				);
				GCC_WARN_64_TO_32_BIT_CONVERSION = YES;
				GCC_WARN_ABOUT_RETURN_TYPE = YES_ERROR;
				GCC_WARN_UNDECLARED_SELECTOR = YES;
				GCC_WARN_UNINITIALIZED_AUTOS = YES_AGGRESSIVE;
				GCC_WARN_UNUSED_FUNCTION = YES;
				GCC_WARN_UNUSED_VARIABLE = YES;
				IPHONEOS_DEPLOYMENT_TARGET = 14.5;
				MTL_ENABLE_DEBUG_INFO = INCLUDE_SOURCE;
				MTL_FAST_MATH = YES;
				ONLY_ACTIVE_ARCH = YES;
				SDKROOT = iphoneos;
				SWIFT_ACTIVE_COMPILATION_CONDITIONS = DEBUG;
				SWIFT_OPTIMIZATION_LEVEL = "-Onone";
			};
			name = Debug;
		};
		5B232C1F26EFAB5200997DD0 /* Release */ = {
			isa = XCBuildConfiguration;
			buildSettings = {
				ALWAYS_SEARCH_USER_PATHS = NO;
				CLANG_ANALYZER_NONNULL = YES;
				CLANG_ANALYZER_NUMBER_OBJECT_CONVERSION = YES_AGGRESSIVE;
				CLANG_CXX_LANGUAGE_STANDARD = "gnu++14";
				CLANG_CXX_LIBRARY = "libc++";
				CLANG_ENABLE_MODULES = YES;
				CLANG_ENABLE_OBJC_ARC = YES;
				CLANG_ENABLE_OBJC_WEAK = YES;
				CLANG_WARN_BLOCK_CAPTURE_AUTORELEASING = YES;
				CLANG_WARN_BOOL_CONVERSION = YES;
				CLANG_WARN_COMMA = YES;
				CLANG_WARN_CONSTANT_CONVERSION = YES;
				CLANG_WARN_DEPRECATED_OBJC_IMPLEMENTATIONS = YES;
				CLANG_WARN_DIRECT_OBJC_ISA_USAGE = YES_ERROR;
				CLANG_WARN_DOCUMENTATION_COMMENTS = YES;
				CLANG_WARN_EMPTY_BODY = YES;
				CLANG_WARN_ENUM_CONVERSION = YES;
				CLANG_WARN_INFINITE_RECURSION = YES;
				CLANG_WARN_INT_CONVERSION = YES;
				CLANG_WARN_NON_LITERAL_NULL_CONVERSION = YES;
				CLANG_WARN_OBJC_IMPLICIT_RETAIN_SELF = YES;
				CLANG_WARN_OBJC_LITERAL_CONVERSION = YES;
				CLANG_WARN_OBJC_ROOT_CLASS = YES_ERROR;
				CLANG_WARN_QUOTED_INCLUDE_IN_FRAMEWORK_HEADER = YES;
				CLANG_WARN_RANGE_LOOP_ANALYSIS = YES;
				CLANG_WARN_STRICT_PROTOTYPES = YES;
				CLANG_WARN_SUSPICIOUS_MOVE = YES;
				CLANG_WARN_UNGUARDED_AVAILABILITY = YES_AGGRESSIVE;
				CLANG_WARN_UNREACHABLE_CODE = YES;
				CLANG_WARN__DUPLICATE_METHOD_MATCH = YES;
				COPY_PHASE_STRIP = NO;
				DEBUG_INFORMATION_FORMAT = "dwarf-with-dsym";
				ENABLE_NS_ASSERTIONS = NO;
				ENABLE_STRICT_OBJC_MSGSEND = YES;
				GCC_C_LANGUAGE_STANDARD = gnu11;
				GCC_NO_COMMON_BLOCKS = YES;
				GCC_WARN_64_TO_32_BIT_CONVERSION = YES;
				GCC_WARN_ABOUT_RETURN_TYPE = YES_ERROR;
				GCC_WARN_UNDECLARED_SELECTOR = YES;
				GCC_WARN_UNINITIALIZED_AUTOS = YES_AGGRESSIVE;
				GCC_WARN_UNUSED_FUNCTION = YES;
				GCC_WARN_UNUSED_VARIABLE = YES;
				IPHONEOS_DEPLOYMENT_TARGET = 14.5;
				MTL_ENABLE_DEBUG_INFO = NO;
				MTL_FAST_MATH = YES;
				SDKROOT = iphoneos;
				SWIFT_COMPILATION_MODE = wholemodule;
				SWIFT_OPTIMIZATION_LEVEL = "-O";
				VALIDATE_PRODUCT = YES;
			};
			name = Release;
		};
		5B232C2126EFAB5200997DD0 /* Debug */ = {
			isa = XCBuildConfiguration;
			buildSettings = {
				ASSETCATALOG_COMPILER_APPICON_NAME = AppIcon;
				ASSETCATALOG_COMPILER_GLOBAL_ACCENT_COLOR_NAME = AccentColor;
				CODE_SIGN_STYLE = Automatic;
				DEVELOPMENT_TEAM = UDSKCJH3Z7;
				INFOPLIST_FILE = Spotlight/Resources/Info.plist;
				LD_RUNPATH_SEARCH_PATHS = (
					"$(inherited)",
					"@executable_path/Frameworks",
				);
				PRODUCT_BUNDLE_IDENTIFIER = WHB.Spotlight;
				PRODUCT_NAME = "$(TARGET_NAME)";
				SWIFT_VERSION = 5.0;
				TARGETED_DEVICE_FAMILY = "1,2";
			};
			name = Debug;
		};
		5B232C2226EFAB5200997DD0 /* Release */ = {
			isa = XCBuildConfiguration;
			buildSettings = {
				ASSETCATALOG_COMPILER_APPICON_NAME = AppIcon;
				ASSETCATALOG_COMPILER_GLOBAL_ACCENT_COLOR_NAME = AccentColor;
				CODE_SIGN_STYLE = Automatic;
				DEVELOPMENT_TEAM = UDSKCJH3Z7;
				INFOPLIST_FILE = Spotlight/Resources/Info.plist;
				LD_RUNPATH_SEARCH_PATHS = (
					"$(inherited)",
					"@executable_path/Frameworks",
				);
				PRODUCT_BUNDLE_IDENTIFIER = WHB.Spotlight;
				PRODUCT_NAME = "$(TARGET_NAME)";
				SWIFT_VERSION = 5.0;
				TARGETED_DEVICE_FAMILY = "1,2";
			};
			name = Release;
		};
/* End XCBuildConfiguration section */

/* Begin XCConfigurationList section */
		5B232C0426EFAB5000997DD0 /* Build configuration list for PBXProject "Spotlight" */ = {
			isa = XCConfigurationList;
			buildConfigurations = (
				5B232C1E26EFAB5200997DD0 /* Debug */,
				5B232C1F26EFAB5200997DD0 /* Release */,
			);
			defaultConfigurationIsVisible = 0;
			defaultConfigurationName = Release;
		};
		5B232C2026EFAB5200997DD0 /* Build configuration list for PBXNativeTarget "Spotlight" */ = {
			isa = XCConfigurationList;
			buildConfigurations = (
				5B232C2126EFAB5200997DD0 /* Debug */,
				5B232C2226EFAB5200997DD0 /* Release */,
			);
			defaultConfigurationIsVisible = 0;
			defaultConfigurationName = Release;
		};
/* End XCConfigurationList section */

/* Begin XCVersionGroup section */
		5B232C1526EFAB5000997DD0 /* Spotlight.xcdatamodeld */ = {
			isa = XCVersionGroup;
			children = (
				5B232C1626EFAB5000997DD0 /* Spotlight.xcdatamodel */,
			);
			currentVersion = 5B232C1626EFAB5000997DD0 /* Spotlight.xcdatamodel */;
			path = Spotlight.xcdatamodeld;
			sourceTree = "<group>";
			versionGroupType = wrapper.xcdatamodel;
		};
/* End XCVersionGroup section */
	};
	rootObject = 5B232C0126EFAB5000997DD0 /* Project object */;
}
